// !$*UTF8*$!
{
	archiveVersion = 1;
	classes = {
	};
	objectVersion = 50;
	objects = {

/* Begin PBXBuildFile section */
		521E78DF2239AC1900BCA71B /* main.cpp in Sources */ = {isa = PBXBuildFile; fileRef = 521E78DE2239AC1900BCA71B /* main.cpp */; };
		521E78E72239AC5100BCA71B /* Locations.cpp in Sources */ = {isa = PBXBuildFile; fileRef = 521E78E52239AC5100BCA71B /* Locations.cpp */; };
		521E78EA2239B97700BCA71B /* Employee.cpp in Sources */ = {isa = PBXBuildFile; fileRef = 521E78E82239B97700BCA71B /* Employee.cpp */; };
		5261E0772264CD2200D2C205 /* Customer.cpp in Sources */ = {isa = PBXBuildFile; fileRef = 5261E0752264CD2200D2C205 /* Customer.cpp */; };
		5261E0792264E18400D2C205 /* libboost_unit_test_framework-mt.dylib in Frameworks */ = {isa = PBXBuildFile; fileRef = 5261E0782264E18400D2C205 /* libboost_unit_test_framework-mt.dylib */; };
		52B23E1A226490EC00E272CC /* Car.cpp in Sources */ = {isa = PBXBuildFile; fileRef = 52B23E19226490EC00E272CC /* Car.cpp */; };
		52FD0DCD2243BDDB00336857 /* MainObjectShop.cpp in Sources */ = {isa = PBXBuildFile; fileRef = 52FD0DCB2243BDDB00336857 /* MainObjectShop.cpp */; };
/* End PBXBuildFile section */

/* Begin PBXCopyFilesBuildPhase section */
		521E78D92239AC1900BCA71B /* CopyFiles */ = {
			isa = PBXCopyFilesBuildPhase;
			buildActionMask = 2147483647;
			dstPath = /usr/share/man/man1/;
			dstSubfolderSpec = 0;
			files = (
			);
			runOnlyForDeploymentPostprocessing = 1;
		};
/* End PBXCopyFilesBuildPhase section */

/* Begin PBXFileReference section */
		521E78DB2239AC1900BCA71B /* PROEprojekt1 */ = {isa = PBXFileReference; explicitFileType = "compiled.mach-o.executable"; includeInIndex = 0; path = PROEprojekt1; sourceTree = BUILT_PRODUCTS_DIR; };
		521E78DE2239AC1900BCA71B /* main.cpp */ = {isa = PBXFileReference; lastKnownFileType = sourcecode.cpp.cpp; path = main.cpp; sourceTree = "<group>"; };
		521E78E52239AC5100BCA71B /* Locations.cpp */ = {isa = PBXFileReference; lastKnownFileType = sourcecode.cpp.cpp; path = Locations.cpp; sourceTree = "<group>"; };
		521E78E62239AC5100BCA71B /* Locations.hpp */ = {isa = PBXFileReference; lastKnownFileType = sourcecode.cpp.h; path = Locations.hpp; sourceTree = "<group>"; };
		521E78E82239B97700BCA71B /* Employee.cpp */ = {isa = PBXFileReference; lastKnownFileType = sourcecode.cpp.cpp; path = Employee.cpp; sourceTree = "<group>"; };
		521E78E92239B97700BCA71B /* Employee.hpp */ = {isa = PBXFileReference; lastKnownFileType = sourcecode.cpp.h; path = Employee.hpp; sourceTree = "<group>"; };
		5243F81F2264E5E000D70436 /* catch.hpp */ = {isa = PBXFileReference; lastKnownFileType = sourcecode.cpp.h; path = catch.hpp; sourceTree = "<group>"; };
		5261E0752264CD2200D2C205 /* Customer.cpp */ = {isa = PBXFileReference; lastKnownFileType = sourcecode.cpp.cpp; path = Customer.cpp; sourceTree = "<group>"; };
		5261E0762264CD2200D2C205 /* Customer.hpp */ = {isa = PBXFileReference; lastKnownFileType = sourcecode.cpp.h; path = Customer.hpp; sourceTree = "<group>"; };
		5261E0782264E18400D2C205 /* libboost_unit_test_framework-mt.dylib */ = {isa = PBXFileReference; lastKnownFileType = "compiled.mach-o.dylib"; path = "libboost_unit_test_framework-mt.dylib"; sourceTree = "<group>"; };
		527F1D63226397950009E873 /* Debug.hh */ = {isa = PBXFileReference; fileEncoding = 4; lastKnownFileType = sourcecode.cpp.h; path = Debug.hh; sourceTree = "<group>"; };
		52B23E19226490EC00E272CC /* Car.cpp */ = {isa = PBXFileReference; fileEncoding = 4; lastKnownFileType = sourcecode.cpp.cpp; path = Car.cpp; sourceTree = "<group>"; };
		52B23E1B226490F500E272CC /* Car.hpp */ = {isa = PBXFileReference; lastKnownFileType = sourcecode.cpp.h; path = Car.hpp; sourceTree = "<group>"; };
		52FD0DCB2243BDDB00336857 /* MainObjectShop.cpp */ = {isa = PBXFileReference; lastKnownFileType = sourcecode.cpp.cpp; path = MainObjectShop.cpp; sourceTree = "<group>"; };
		52FD0DCC2243BDDB00336857 /* MainObjectShop.hpp */ = {isa = PBXFileReference; lastKnownFileType = sourcecode.cpp.h; path = MainObjectShop.hpp; sourceTree = "<group>"; };
/* End PBXFileReference section */

/* Begin PBXFrameworksBuildPhase section */
		521E78D82239AC1900BCA71B /* Frameworks */ = {
			isa = PBXFrameworksBuildPhase;
			buildActionMask = 2147483647;
			files = (
				5261E0792264E18400D2C205 /* libboost_unit_test_framework-mt.dylib in Frameworks */,
			);
			runOnlyForDeploymentPostprocessing = 0;
		};
/* End PBXFrameworksBuildPhase section */

/* Begin PBXGroup section */
		521E78D22239AC1900BCA71B = {
			isa = PBXGroup;
			children = (
				5261E0782264E18400D2C205 /* libboost_unit_test_framework-mt.dylib */,
				521E78DD2239AC1900BCA71B /* PROEprojekt1 */,
				521E78DC2239AC1900BCA71B /* Products */,
			);
			sourceTree = "<group>";
		};
		521E78DC2239AC1900BCA71B /* Products */ = {
			isa = PBXGroup;
			children = (
				521E78DB2239AC1900BCA71B /* PROEprojekt1 */,
			);
			name = Products;
			sourceTree = "<group>";
		};
		521E78DD2239AC1900BCA71B /* PROEprojekt1 */ = {
			isa = PBXGroup;
			children = (
				521E78DE2239AC1900BCA71B /* main.cpp */,
				52FD0DCC2243BDDB00336857 /* MainObjectShop.hpp */,
				52FD0DCB2243BDDB00336857 /* MainObjectShop.cpp */,
				521E78E92239B97700BCA71B /* Employee.hpp */,
				521E78E82239B97700BCA71B /* Employee.cpp */,
				52B23E1B226490F500E272CC /* Car.hpp */,
				52B23E19226490EC00E272CC /* Car.cpp */,
				5261E0762264CD2200D2C205 /* Customer.hpp */,
				5261E0752264CD2200D2C205 /* Customer.cpp */,
				521E78E62239AC5100BCA71B /* Locations.hpp */,
				521E78E52239AC5100BCA71B /* Locations.cpp */,
				527F1D63226397950009E873 /* Debug.hh */,
				5243F81F2264E5E000D70436 /* catch.hpp */,
			);
			path = PROEprojekt1;
			sourceTree = "<group>";
		};
/* End PBXGroup section */

/* Begin PBXNativeTarget section */
		521E78DA2239AC1900BCA71B /* PROEprojekt1 */ = {
			isa = PBXNativeTarget;
			buildConfigurationList = 521E78E22239AC1900BCA71B /* Build configuration list for PBXNativeTarget "PROEprojekt1" */;
			buildPhases = (
				521E78D72239AC1900BCA71B /* Sources */,
				521E78D82239AC1900BCA71B /* Frameworks */,
				521E78D92239AC1900BCA71B /* CopyFiles */,
			);
			buildRules = (
			);
			dependencies = (
			);
			name = PROEprojekt1;
			productName = PROEprojekt1;
			productReference = 521E78DB2239AC1900BCA71B /* PROEprojekt1 */;
			productType = "com.apple.product-type.tool";
		};
/* End PBXNativeTarget section */

/* Begin PBXProject section */
		521E78D32239AC1900BCA71B /* Project object */ = {
			isa = PBXProject;
			attributes = {
				LastUpgradeCheck = 1010;
				ORGANIZATIONNAME = "Eryk Mroczko";
				TargetAttributes = {
					521E78DA2239AC1900BCA71B = {
						CreatedOnToolsVersion = 10.1;
					};
				};
			};
			buildConfigurationList = 521E78D62239AC1900BCA71B /* Build configuration list for PBXProject "PROEprojekt1" */;
			compatibilityVersion = "Xcode 9.3";
			developmentRegion = en;
			hasScannedForEncodings = 0;
			knownRegions = (
				en,
			);
			mainGroup = 521E78D22239AC1900BCA71B;
			productRefGroup = 521E78DC2239AC1900BCA71B /* Products */;
			projectDirPath = "";
			projectRoot = "";
			targets = (
				521E78DA2239AC1900BCA71B /* PROEprojekt1 */,
			);
		};
/* End PBXProject section */

/* Begin PBXSourcesBuildPhase section */
		521E78D72239AC1900BCA71B /* Sources */ = {
			isa = PBXSourcesBuildPhase;
			buildActionMask = 2147483647;
			files = (
				521E78EA2239B97700BCA71B /* Employee.cpp in Sources */,
				52B23E1A226490EC00E272CC /* Car.cpp in Sources */,
				521E78E72239AC5100BCA71B /* Locations.cpp in Sources */,
				5261E0772264CD2200D2C205 /* Customer.cpp in Sources */,
				521E78DF2239AC1900BCA71B /* main.cpp in Sources */,
				52FD0DCD2243BDDB00336857 /* MainObjectShop.cpp in Sources */,
			);
			runOnlyForDeploymentPostprocessing = 0;
		};
/* End PBXSourcesBuildPhase section */

/* Begin XCBuildConfiguration section */
		521E78E02239AC1900BCA71B /* Debug */ = {
			isa = XCBuildConfiguration;
			buildSettings = {
				ALWAYS_SEARCH_USER_PATHS = NO;
				CLANG_ANALYZER_NONNULL = YES;
				CLANG_ANALYZER_NUMBER_OBJECT_CONVERSION = YES_AGGRESSIVE;
				CLANG_CXX_LANGUAGE_STANDARD = "gnu++14";
				CLANG_CXX_LIBRARY = "libc++";
				CLANG_ENABLE_MODULES = YES;
				CLANG_ENABLE_OBJC_ARC = YES;
				CLANG_ENABLE_OBJC_WEAK = YES;
				CLANG_WARN_BLOCK_CAPTURE_AUTORELEASING = YES;
				CLANG_WARN_BOOL_CONVERSION = YES;
				CLANG_WARN_COMMA = YES;
				CLANG_WARN_CONSTANT_CONVERSION = YES;
				CLANG_WARN_DEPRECATED_OBJC_IMPLEMENTATIONS = YES;
				CLANG_WARN_DIRECT_OBJC_ISA_USAGE = YES_ERROR;
				CLANG_WARN_DOCUMENTATION_COMMENTS = YES;
				CLANG_WARN_EMPTY_BODY = YES;
				CLANG_WARN_ENUM_CONVERSION = YES;
				CLANG_WARN_INFINITE_RECURSION = YES;
				CLANG_WARN_INT_CONVERSION = YES;
				CLANG_WARN_NON_LITERAL_NULL_CONVERSION = YES;
				CLANG_WARN_OBJC_IMPLICIT_RETAIN_SELF = YES;
				CLANG_WARN_OBJC_LITERAL_CONVERSION = YES;
				CLANG_WARN_OBJC_ROOT_CLASS = YES_ERROR;
				CLANG_WARN_RANGE_LOOP_ANALYSIS = YES;
				CLANG_WARN_STRICT_PROTOTYPES = YES;
				CLANG_WARN_SUSPICIOUS_MOVE = YES;
				CLANG_WARN_UNGUARDED_AVAILABILITY = YES_AGGRESSIVE;
				CLANG_WARN_UNREACHABLE_CODE = YES;
				CLANG_WARN__DUPLICATE_METHOD_MATCH = YES;
				CODE_SIGN_IDENTITY = "-";
				COPY_PHASE_STRIP = NO;
				DEBUG_INFORMATION_FORMAT = dwarf;
				ENABLE_STRICT_OBJC_MSGSEND = YES;
				ENABLE_TESTABILITY = YES;
				GCC_C_LANGUAGE_STANDARD = gnu11;
				GCC_DYNAMIC_NO_PIC = NO;
				GCC_NO_COMMON_BLOCKS = YES;
				GCC_OPTIMIZATION_LEVEL = 0;
				GCC_PREPROCESSOR_DEFINITIONS = (
					"DEBUG=1",
					"$(inherited)",
				);
				GCC_WARN_64_TO_32_BIT_CONVERSION = YES;
				GCC_WARN_ABOUT_RETURN_TYPE = YES_ERROR;
				GCC_WARN_UNDECLARED_SELECTOR = YES;
				GCC_WARN_UNINITIALIZED_AUTOS = YES_AGGRESSIVE;
				GCC_WARN_UNUSED_FUNCTION = YES;
				GCC_WARN_UNUSED_VARIABLE = YES;
				MACOSX_DEPLOYMENT_TARGET = 10.14;
				MTL_ENABLE_DEBUG_INFO = INCLUDE_SOURCE;
				MTL_FAST_MATH = YES;
				ONLY_ACTIVE_ARCH = YES;
				SDKROOT = macosx;
			};
			name = Debug;
		};
		521E78E12239AC1900BCA71B /* Release */ = {
			isa = XCBuildConfiguration;
			buildSettings = {
				ALWAYS_SEARCH_USER_PATHS = NO;
				CLANG_ANALYZER_NONNULL = YES;
				CLANG_ANALYZER_NUMBER_OBJECT_CONVERSION = YES_AGGRESSIVE;
				CLANG_CXX_LANGUAGE_STANDARD = "gnu++14";
				CLANG_CXX_LIBRARY = "libc++";
				CLANG_ENABLE_MODULES = YES;
				CLANG_ENABLE_OBJC_ARC = YES;
				CLANG_ENABLE_OBJC_WEAK = YES;
				CLANG_WARN_BLOCK_CAPTURE_AUTORELEASING = YES;
				CLANG_WARN_BOOL_CONVERSION = YES;
				CLANG_WARN_COMMA = YES;
				CLANG_WARN_CONSTANT_CONVERSION = YES;
				CLANG_WARN_DEPRECATED_OBJC_IMPLEMENTATIONS = YES;
				CLANG_WARN_DIRECT_OBJC_ISA_USAGE = YES_ERROR;
				CLANG_WARN_DOCUMENTATION_COMMENTS = YES;
				CLANG_WARN_EMPTY_BODY = YES;
				CLANG_WARN_ENUM_CONVERSION = YES;
				CLANG_WARN_INFINITE_RECURSION = YES;
				CLANG_WARN_INT_CONVERSION = YES;
				CLANG_WARN_NON_LITERAL_NULL_CONVERSION = YES;
				CLANG_WARN_OBJC_IMPLICIT_RETAIN_SELF = YES;
				CLANG_WARN_OBJC_LITERAL_CONVERSION = YES;
				CLANG_WARN_OBJC_ROOT_CLASS = YES_ERROR;
				CLANG_WARN_RANGE_LOOP_ANALYSIS = YES;
				CLANG_WARN_STRICT_PROTOTYPES = YES;
				CLANG_WARN_SUSPICIOUS_MOVE = YES;
				CLANG_WARN_UNGUARDED_AVAILABILITY = YES_AGGRESSIVE;
				CLANG_WARN_UNREACHABLE_CODE = YES;
				CLANG_WARN__DUPLICATE_METHOD_MATCH = YES;
				CODE_SIGN_IDENTITY = "-";
				COPY_PHASE_STRIP = NO;
				DEBUG_INFORMATION_FORMAT = "dwarf-with-dsym";
				ENABLE_NS_ASSERTIONS = NO;
				ENABLE_STRICT_OBJC_MSGSEND = YES;
				GCC_C_LANGUAGE_STANDARD = gnu11;
				GCC_NO_COMMON_BLOCKS = YES;
				GCC_WARN_64_TO_32_BIT_CONVERSION = YES;
				GCC_WARN_ABOUT_RETURN_TYPE = YES_ERROR;
				GCC_WARN_UNDECLARED_SELECTOR = YES;
				GCC_WARN_UNINITIALIZED_AUTOS = YES_AGGRESSIVE;
				GCC_WARN_UNUSED_FUNCTION = YES;
				GCC_WARN_UNUSED_VARIABLE = YES;
				MACOSX_DEPLOYMENT_TARGET = 10.14;
				MTL_ENABLE_DEBUG_INFO = NO;
				MTL_FAST_MATH = YES;
				SDKROOT = macosx;
			};
			name = Release;
		};
		521E78E32239AC1900BCA71B /* Debug */ = {
			isa = XCBuildConfiguration;
			buildSettings = {
				CODE_SIGN_STYLE = Automatic;
				HEADER_SEARCH_PATHS = /opt/local/include/boost/test;
				LIBRARY_SEARCH_PATHS = (
					"/opt/local/lib/﻿",
					"$(PROJECT_DIR)",
				);
				PRODUCT_NAME = "$(TARGET_NAME)";
			};
			name = Debug;
		};
		521E78E42239AC1900BCA71B /* Release */ = {
			isa = XCBuildConfiguration;
			buildSettings = {
				CODE_SIGN_STYLE = Automatic;
				HEADER_SEARCH_PATHS = /opt/local/include/boost/test;
				LIBRARY_SEARCH_PATHS = (
					"/opt/local/lib/﻿",
					"$(PROJECT_DIR)",
				);
				PRODUCT_NAME = "$(TARGET_NAME)";
			};
			name = Release;
		};
/* End XCBuildConfiguration section */

/* Begin XCConfigurationList section */
		521E78D62239AC1900BCA71B /* Build configuration list for PBXProject "PROEprojekt1" */ = {
			isa = XCConfigurationList;
			buildConfigurations = (
				521E78E02239AC1900BCA71B /* Debug */,
				521E78E12239AC1900BCA71B /* Release */,
			);
			defaultConfigurationIsVisible = 0;
			defaultConfigurationName = Release;
		};
		521E78E22239AC1900BCA71B /* Build configuration list for PBXNativeTarget "PROEprojekt1" */ = {
			isa = XCConfigurationList;
			buildConfigurations = (
				521E78E32239AC1900BCA71B /* Debug */,
				521E78E42239AC1900BCA71B /* Release */,
			);
			defaultConfigurationIsVisible = 0;
			defaultConfigurationName = Release;
		};
/* End XCConfigurationList section */
	};
	rootObject = 521E78D32239AC1900BCA71B /* Project object */;
}
